// !$*UTF8*$!
{
	archiveVersion = 1;
	classes = {
	};
	objectVersion = 56;
	objects = {

/* Begin PBXBuildFile section */
		591DAA7429717462000FF7D2 /* AppDelegate.swift in Sources */ = {isa = PBXBuildFile; fileRef = 591DAA7329717462000FF7D2 /* AppDelegate.swift */; };
		591DAA7629717462000FF7D2 /* SceneDelegate.swift in Sources */ = {isa = PBXBuildFile; fileRef = 591DAA7529717462000FF7D2 /* SceneDelegate.swift */; };
		591DAA7829717462000FF7D2 /* MainViewController.swift in Sources */ = {isa = PBXBuildFile; fileRef = 591DAA7729717462000FF7D2 /* MainViewController.swift */; };
		591DAA7D29717464000FF7D2 /* Assets.xcassets in Resources */ = {isa = PBXBuildFile; fileRef = 591DAA7C29717464000FF7D2 /* Assets.xcassets */; };
		591DAA8029717464000FF7D2 /* LaunchScreen.storyboard in Resources */ = {isa = PBXBuildFile; fileRef = 591DAA7E29717464000FF7D2 /* LaunchScreen.storyboard */; };
		591DAA8D297176D4000FF7D2 /* AssemblyBuilder.swift in Sources */ = {isa = PBXBuildFile; fileRef = 591DAA8C297176D4000FF7D2 /* AssemblyBuilder.swift */; };
		591DAA8F297176DE000FF7D2 /* Router.swift in Sources */ = {isa = PBXBuildFile; fileRef = 591DAA8E297176DE000FF7D2 /* Router.swift */; };
		591DAA92297178B2000FF7D2 /* MainTableViewCell.swift in Sources */ = {isa = PBXBuildFile; fileRef = 591DAA91297178B2000FF7D2 /* MainTableViewCell.swift */; };
		591DAA95297179D8000FF7D2 /* playListDTO.swift in Sources */ = {isa = PBXBuildFile; fileRef = 591DAA94297179D8000FF7D2 /* playListDTO.swift */; };
		591DAA9829717EB2000FF7D2 /* MainPresenter.swift in Sources */ = {isa = PBXBuildFile; fileRef = 591DAA9729717EB2000FF7D2 /* MainPresenter.swift */; };
		591DAA9A29718913000FF7D2 /* MainPresenterProtocol.swift in Sources */ = {isa = PBXBuildFile; fileRef = 591DAA9929718912000FF7D2 /* MainPresenterProtocol.swift */; };
		591DAA9C2971893B000FF7D2 /* MainViewProtocol.swift in Sources */ = {isa = PBXBuildFile; fileRef = 591DAA9B2971893B000FF7D2 /* MainViewProtocol.swift */; };
		591DAA9E29718982000FF7D2 /* NetworkService.swift in Sources */ = {isa = PBXBuildFile; fileRef = 591DAA9D29718982000FF7D2 /* NetworkService.swift */; };
		5929E8152976C07100AC5909 /* DataManager.swift in Sources */ = {isa = PBXBuildFile; fileRef = 5929E8142976C07100AC5909 /* DataManager.swift */; };
/* End PBXBuildFile section */

/* Begin PBXFileReference section */
		591DAA7029717462000FF7D2 /* AppleMusicTest.app */ = {isa = PBXFileReference; explicitFileType = wrapper.application; includeInIndex = 0; path = AppleMusicTest.app; sourceTree = BUILT_PRODUCTS_DIR; };
		591DAA7329717462000FF7D2 /* AppDelegate.swift */ = {isa = PBXFileReference; lastKnownFileType = sourcecode.swift; path = AppDelegate.swift; sourceTree = "<group>"; };
		591DAA7529717462000FF7D2 /* SceneDelegate.swift */ = {isa = PBXFileReference; lastKnownFileType = sourcecode.swift; path = SceneDelegate.swift; sourceTree = "<group>"; };
		591DAA7729717462000FF7D2 /* MainViewController.swift */ = {isa = PBXFileReference; lastKnownFileType = sourcecode.swift; path = MainViewController.swift; sourceTree = "<group>"; };
		591DAA7C29717464000FF7D2 /* Assets.xcassets */ = {isa = PBXFileReference; lastKnownFileType = folder.assetcatalog; path = Assets.xcassets; sourceTree = "<group>"; };
		591DAA7F29717464000FF7D2 /* Base */ = {isa = PBXFileReference; lastKnownFileType = file.storyboard; name = Base; path = Base.lproj/LaunchScreen.storyboard; sourceTree = "<group>"; };
		591DAA8129717464000FF7D2 /* Info.plist */ = {isa = PBXFileReference; lastKnownFileType = text.plist.xml; path = Info.plist; sourceTree = "<group>"; };
		591DAA8C297176D4000FF7D2 /* AssemblyBuilder.swift */ = {isa = PBXFileReference; lastKnownFileType = sourcecode.swift; path = AssemblyBuilder.swift; sourceTree = "<group>"; };
		591DAA8E297176DE000FF7D2 /* Router.swift */ = {isa = PBXFileReference; lastKnownFileType = sourcecode.swift; path = Router.swift; sourceTree = "<group>"; };
		591DAA91297178B2000FF7D2 /* MainTableViewCell.swift */ = {isa = PBXFileReference; lastKnownFileType = sourcecode.swift; path = MainTableViewCell.swift; sourceTree = "<group>"; };
		591DAA94297179D8000FF7D2 /* playListDTO.swift */ = {isa = PBXFileReference; lastKnownFileType = sourcecode.swift; path = playListDTO.swift; sourceTree = "<group>"; };
		591DAA9729717EB2000FF7D2 /* MainPresenter.swift */ = {isa = PBXFileReference; lastKnownFileType = sourcecode.swift; path = MainPresenter.swift; sourceTree = "<group>"; };
		591DAA9929718912000FF7D2 /* MainPresenterProtocol.swift */ = {isa = PBXFileReference; lastKnownFileType = sourcecode.swift; path = MainPresenterProtocol.swift; sourceTree = "<group>"; };
		591DAA9B2971893B000FF7D2 /* MainViewProtocol.swift */ = {isa = PBXFileReference; lastKnownFileType = sourcecode.swift; path = MainViewProtocol.swift; sourceTree = "<group>"; };
		591DAA9D29718982000FF7D2 /* NetworkService.swift */ = {isa = PBXFileReference; lastKnownFileType = sourcecode.swift; path = NetworkService.swift; sourceTree = "<group>"; };
		5929E8142976C07100AC5909 /* DataManager.swift */ = {isa = PBXFileReference; lastKnownFileType = sourcecode.swift; path = DataManager.swift; sourceTree = "<group>"; };
/* End PBXFileReference section */

/* Begin PBXFrameworksBuildPhase section */
		591DAA6D29717462000FF7D2 /* Frameworks */ = {
			isa = PBXFrameworksBuildPhase;
			buildActionMask = 2147483647;
			files = (
			);
			runOnlyForDeploymentPostprocessing = 0;
		};
/* End PBXFrameworksBuildPhase section */

/* Begin PBXGroup section */
		591DAA6729717462000FF7D2 = {
			isa = PBXGroup;
			children = (
				591DAA7229717462000FF7D2 /* AppleMusicTest */,
				591DAA7129717462000FF7D2 /* Products */,
			);
			sourceTree = "<group>";
		};
		591DAA7129717462000FF7D2 /* Products */ = {
			isa = PBXGroup;
			children = (
				591DAA7029717462000FF7D2 /* AppleMusicTest.app */,
			);
			name = Products;
			sourceTree = "<group>";
		};
		591DAA7229717462000FF7D2 /* AppleMusicTest */ = {
			isa = PBXGroup;
			children = (
				591DAA87297175BD000FF7D2 /* Application */,
				591DAA88297175D1000FF7D2 /* Resources */,
				591DAA89297175EC000FF7D2 /* MainModule */,
				591DAA8B297176B6000FF7D2 /* Navigation */,
				591DAAA129718993000FF7D2 /* Services */,
			);
			path = AppleMusicTest;
			sourceTree = "<group>";
		};
		591DAA87297175BD000FF7D2 /* Application */ = {
			isa = PBXGroup;
			children = (
				591DAA7329717462000FF7D2 /* AppDelegate.swift */,
				591DAA7529717462000FF7D2 /* SceneDelegate.swift */,
			);
			path = Application;
			sourceTree = "<group>";
		};
		591DAA88297175D1000FF7D2 /* Resources */ = {
			isa = PBXGroup;
			children = (
				591DAA7C29717464000FF7D2 /* Assets.xcassets */,
				591DAA7E29717464000FF7D2 /* LaunchScreen.storyboard */,
				591DAA8129717464000FF7D2 /* Info.plist */,
			);
			path = Resources;
			sourceTree = "<group>";
		};
		591DAA89297175EC000FF7D2 /* MainModule */ = {
			isa = PBXGroup;
			children = (
				591DAA93297179AD000FF7D2 /* Models */,
				591DAA8A29717617000FF7D2 /* Views */,
				591DAA9629717E96000FF7D2 /* Presenters */,
			);
			path = MainModule;
			sourceTree = "<group>";
		};
		591DAA8A29717617000FF7D2 /* Views */ = {
			isa = PBXGroup;
			children = (
				591DAA7729717462000FF7D2 /* MainViewController.swift */,
				591DAA9B2971893B000FF7D2 /* MainViewProtocol.swift */,
				591DAA91297178B2000FF7D2 /* MainTableViewCell.swift */,
			);
			path = Views;
			sourceTree = "<group>";
		};
		591DAA8B297176B6000FF7D2 /* Navigation */ = {
			isa = PBXGroup;
			children = (
				591DAA8C297176D4000FF7D2 /* AssemblyBuilder.swift */,
				591DAA8E297176DE000FF7D2 /* Router.swift */,
			);
			path = Navigation;
			sourceTree = "<group>";
		};
		591DAA93297179AD000FF7D2 /* Models */ = {
			isa = PBXGroup;
			children = (
				591DAA94297179D8000FF7D2 /* playListDTO.swift */,
			);
			path = Models;
			sourceTree = "<group>";
		};
		591DAA9629717E96000FF7D2 /* Presenters */ = {
			isa = PBXGroup;
			children = (
				591DAA9729717EB2000FF7D2 /* MainPresenter.swift */,
				591DAA9929718912000FF7D2 /* MainPresenterProtocol.swift */,
			);
			path = Presenters;
			sourceTree = "<group>";
		};
		591DAAA129718993000FF7D2 /* Services */ = {
			isa = PBXGroup;
			children = (
				591DAA9D29718982000FF7D2 /* NetworkService.swift */,
				5929E8142976C07100AC5909 /* DataManager.swift */,
			);
			path = Services;
			sourceTree = "<group>";
		};
/* End PBXGroup section */

/* Begin PBXNativeTarget section */
		591DAA6F29717462000FF7D2 /* AppleMusicTest */ = {
			isa = PBXNativeTarget;
			buildConfigurationList = 591DAA8429717464000FF7D2 /* Build configuration list for PBXNativeTarget "AppleMusicTest" */;
			buildPhases = (
				591DAA6C29717462000FF7D2 /* Sources */,
				591DAA6D29717462000FF7D2 /* Frameworks */,
				591DAA6E29717462000FF7D2 /* Resources */,
			);
			buildRules = (
			);
			dependencies = (
			);
			name = AppleMusicTest;
			productName = AppleMusicTest;
			productReference = 591DAA7029717462000FF7D2 /* AppleMusicTest.app */;
			productType = "com.apple.product-type.application";
		};
/* End PBXNativeTarget section */

/* Begin PBXProject section */
		591DAA6829717462000FF7D2 /* Project object */ = {
			isa = PBXProject;
			attributes = {
				BuildIndependentTargetsInParallel = 1;
				LastSwiftUpdateCheck = 1410;
				LastUpgradeCheck = 1410;
				TargetAttributes = {
					591DAA6F29717462000FF7D2 = {
						CreatedOnToolsVersion = 14.1;
					};
				};
			};
			buildConfigurationList = 591DAA6B29717462000FF7D2 /* Build configuration list for PBXProject "AppleMusicTest" */;
			compatibilityVersion = "Xcode 14.0";
			developmentRegion = en;
			hasScannedForEncodings = 0;
			knownRegions = (
				en,
				Base,
			);
			mainGroup = 591DAA6729717462000FF7D2;
			productRefGroup = 591DAA7129717462000FF7D2 /* Products */;
			projectDirPath = "";
			projectRoot = "";
			targets = (
				591DAA6F29717462000FF7D2 /* AppleMusicTest */,
			);
		};
/* End PBXProject section */

/* Begin PBXResourcesBuildPhase section */
		591DAA6E29717462000FF7D2 /* Resources */ = {
			isa = PBXResourcesBuildPhase;
			buildActionMask = 2147483647;
			files = (
				591DAA8029717464000FF7D2 /* LaunchScreen.storyboard in Resources */,
				591DAA7D29717464000FF7D2 /* Assets.xcassets in Resources */,
			);
			runOnlyForDeploymentPostprocessing = 0;
		};
/* End PBXResourcesBuildPhase section */

/* Begin PBXSourcesBuildPhase section */
		591DAA6C29717462000FF7D2 /* Sources */ = {
			isa = PBXSourcesBuildPhase;
			buildActionMask = 2147483647;
			files = (
				591DAA9E29718982000FF7D2 /* NetworkService.swift in Sources */,
				591DAA7829717462000FF7D2 /* MainViewController.swift in Sources */,
				591DAA7429717462000FF7D2 /* AppDelegate.swift in Sources */,
				5929E8152976C07100AC5909 /* DataManager.swift in Sources */,
				591DAA8F297176DE000FF7D2 /* Router.swift in Sources */,
				591DAA9A29718913000FF7D2 /* MainPresenterProtocol.swift in Sources */,
				591DAA7629717462000FF7D2 /* SceneDelegate.swift in Sources */,
				591DAA95297179D8000FF7D2 /* playListDTO.swift in Sources */,
				591DAA92297178B2000FF7D2 /* MainTableViewCell.swift in Sources */,
				591DAA8D297176D4000FF7D2 /* AssemblyBuilder.swift in Sources */,
				591DAA9829717EB2000FF7D2 /* MainPresenter.swift in Sources */,
				591DAA9C2971893B000FF7D2 /* MainViewProtocol.swift in Sources */,
			);
			runOnlyForDeploymentPostprocessing = 0;
		};
/* End PBXSourcesBuildPhase section */

/* Begin PBXVariantGroup section */
		591DAA7E29717464000FF7D2 /* LaunchScreen.storyboard */ = {
			isa = PBXVariantGroup;
			children = (
				591DAA7F29717464000FF7D2 /* Base */,
			);
			name = LaunchScreen.storyboard;
			sourceTree = "<group>";
		};
/* End PBXVariantGroup section */

/* Begin XCBuildConfiguration section */
		591DAA8229717464000FF7D2 /* Debug */ = {
			isa = XCBuildConfiguration;
			buildSettings = {
				ALWAYS_SEARCH_USER_PATHS = NO;
				CLANG_ANALYZER_NONNULL = YES;
				CLANG_ANALYZER_NUMBER_OBJECT_CONVERSION = YES_AGGRESSIVE;
				CLANG_CXX_LANGUAGE_STANDARD = "gnu++20";
				CLANG_ENABLE_MODULES = YES;
				CLANG_ENABLE_OBJC_ARC = YES;
				CLANG_ENABLE_OBJC_WEAK = YES;
				CLANG_WARN_BLOCK_CAPTURE_AUTORELEASING = YES;
				CLANG_WARN_BOOL_CONVERSION = YES;
				CLANG_WARN_COMMA = YES;
				CLANG_WARN_CONSTANT_CONVERSION = YES;
				CLANG_WARN_DEPRECATED_OBJC_IMPLEMENTATIONS = YES;
				CLANG_WARN_DIRECT_OBJC_ISA_USAGE = YES_ERROR;
				CLANG_WARN_DOCUMENTATION_COMMENTS = YES;
				CLANG_WARN_EMPTY_BODY = YES;
				CLANG_WARN_ENUM_CONVERSION = YES;
				CLANG_WARN_INFINITE_RECURSION = YES;
				CLANG_WARN_INT_CONVERSION = YES;
				CLANG_WARN_NON_LITERAL_NULL_CONVERSION = YES;
				CLANG_WARN_OBJC_IMPLICIT_RETAIN_SELF = YES;
				CLANG_WARN_OBJC_LITERAL_CONVERSION = YES;
				CLANG_WARN_OBJC_ROOT_CLASS = YES_ERROR;
				CLANG_WARN_QUOTED_INCLUDE_IN_FRAMEWORK_HEADER = YES;
				CLANG_WARN_RANGE_LOOP_ANALYSIS = YES;
				CLANG_WARN_STRICT_PROTOTYPES = YES;
				CLANG_WARN_SUSPICIOUS_MOVE = YES;
				CLANG_WARN_UNGUARDED_AVAILABILITY = YES_AGGRESSIVE;
				CLANG_WARN_UNREACHABLE_CODE = YES;
				CLANG_WARN__DUPLICATE_METHOD_MATCH = YES;
				COPY_PHASE_STRIP = NO;
				DEBUG_INFORMATION_FORMAT = dwarf;
				ENABLE_STRICT_OBJC_MSGSEND = YES;
				ENABLE_TESTABILITY = YES;
				GCC_C_LANGUAGE_STANDARD = gnu11;
				GCC_DYNAMIC_NO_PIC = NO;
				GCC_NO_COMMON_BLOCKS = YES;
				GCC_OPTIMIZATION_LEVEL = 0;
				GCC_PREPROCESSOR_DEFINITIONS = (
					"DEBUG=1",
					"$(inherited)",
				);
				GCC_WARN_64_TO_32_BIT_CONVERSION = YES;
				GCC_WARN_ABOUT_RETURN_TYPE = YES_ERROR;
				GCC_WARN_UNDECLARED_SELECTOR = YES;
				GCC_WARN_UNINITIALIZED_AUTOS = YES_AGGRESSIVE;
				GCC_WARN_UNUSED_FUNCTION = YES;
				GCC_WARN_UNUSED_VARIABLE = YES;
				IPHONEOS_DEPLOYMENT_TARGET = 15.0;
				MTL_ENABLE_DEBUG_INFO = INCLUDE_SOURCE;
				MTL_FAST_MATH = YES;
				ONLY_ACTIVE_ARCH = YES;
				SDKROOT = iphoneos;
				SWIFT_ACTIVE_COMPILATION_CONDITIONS = DEBUG;
				SWIFT_OPTIMIZATION_LEVEL = "-Onone";
			};
			name = Debug;
		};
		591DAA8329717464000FF7D2 /* Release */ = {
			isa = XCBuildConfiguration;
			buildSettings = {
				ALWAYS_SEARCH_USER_PATHS = NO;
				CLANG_ANALYZER_NONNULL = YES;
				CLANG_ANALYZER_NUMBER_OBJECT_CONVERSION = YES_AGGRESSIVE;
				CLANG_CXX_LANGUAGE_STANDARD = "gnu++20";
				CLANG_ENABLE_MODULES = YES;
				CLANG_ENABLE_OBJC_ARC = YES;
				CLANG_ENABLE_OBJC_WEAK = YES;
				CLANG_WARN_BLOCK_CAPTURE_AUTORELEASING = YES;
				CLANG_WARN_BOOL_CONVERSION = YES;
				CLANG_WARN_COMMA = YES;
				CLANG_WARN_CONSTANT_CONVERSION = YES;
				CLANG_WARN_DEPRECATED_OBJC_IMPLEMENTATIONS = YES;
				CLANG_WARN_DIRECT_OBJC_ISA_USAGE = YES_ERROR;
				CLANG_WARN_DOCUMENTATION_COMMENTS = YES;
				CLANG_WARN_EMPTY_BODY = YES;
				CLANG_WARN_ENUM_CONVERSION = YES;
				CLANG_WARN_INFINITE_RECURSION = YES;
				CLANG_WARN_INT_CONVERSION = YES;
				CLANG_WARN_NON_LITERAL_NULL_CONVERSION = YES;
				CLANG_WARN_OBJC_IMPLICIT_RETAIN_SELF = YES;
				CLANG_WARN_OBJC_LITERAL_CONVERSION = YES;
				CLANG_WARN_OBJC_ROOT_CLASS = YES_ERROR;
				CLANG_WARN_QUOTED_INCLUDE_IN_FRAMEWORK_HEADER = YES;
				CLANG_WARN_RANGE_LOOP_ANALYSIS = YES;
				CLANG_WARN_STRICT_PROTOTYPES = YES;
				CLANG_WARN_SUSPICIOUS_MOVE = YES;
				CLANG_WARN_UNGUARDED_AVAILABILITY = YES_AGGRESSIVE;
				CLANG_WARN_UNREACHABLE_CODE = YES;
				CLANG_WARN__DUPLICATE_METHOD_MATCH = YES;
				COPY_PHASE_STRIP = NO;
				DEBUG_INFORMATION_FORMAT = "dwarf-with-dsym";
				ENABLE_NS_ASSERTIONS = NO;
				ENABLE_STRICT_OBJC_MSGSEND = YES;
				GCC_C_LANGUAGE_STANDARD = gnu11;
				GCC_NO_COMMON_BLOCKS = YES;
				GCC_WARN_64_TO_32_BIT_CONVERSION = YES;
				GCC_WARN_ABOUT_RETURN_TYPE = YES_ERROR;
				GCC_WARN_UNDECLARED_SELECTOR = YES;
				GCC_WARN_UNINITIALIZED_AUTOS = YES_AGGRESSIVE;
				GCC_WARN_UNUSED_FUNCTION = YES;
				GCC_WARN_UNUSED_VARIABLE = YES;
				IPHONEOS_DEPLOYMENT_TARGET = 15.0;
				MTL_ENABLE_DEBUG_INFO = NO;
				MTL_FAST_MATH = YES;
				SDKROOT = iphoneos;
				SWIFT_COMPILATION_MODE = wholemodule;
				SWIFT_OPTIMIZATION_LEVEL = "-O";
				VALIDATE_PRODUCT = YES;
			};
			name = Release;
		};
		591DAA8529717464000FF7D2 /* Debug */ = {
			isa = XCBuildConfiguration;
			buildSettings = {
				ASSETCATALOG_COMPILER_APPICON_NAME = AppIcon;
				ASSETCATALOG_COMPILER_GLOBAL_ACCENT_COLOR_NAME = AccentColor;
				CODE_SIGN_STYLE = Automatic;
				CURRENT_PROJECT_VERSION = 1;
				DEVELOPMENT_TEAM = 7DF45VLQ6Z;
				GENERATE_INFOPLIST_FILE = YES;
				INFOPLIST_FILE = AppleMusicTest/Resources/Info.plist;
				INFOPLIST_KEY_UIApplicationSupportsIndirectInputEvents = YES;
				INFOPLIST_KEY_UILaunchStoryboardName = LaunchScreen;
				INFOPLIST_KEY_UIMainStoryboardFile = "";
				INFOPLIST_KEY_UISupportedInterfaceOrientations_iPad = "UIInterfaceOrientationPortrait UIInterfaceOrientationPortraitUpsideDown UIInterfaceOrientationLandscapeLeft UIInterfaceOrientationLandscapeRight";
				INFOPLIST_KEY_UISupportedInterfaceOrientations_iPhone = "UIInterfaceOrientationPortrait UIInterfaceOrientationLandscapeLeft UIInterfaceOrientationLandscapeRight";
				IPHONEOS_DEPLOYMENT_TARGET = 15.0;
				LD_RUNPATH_SEARCH_PATHS = (
					"$(inherited)",
					"@executable_path/Frameworks",
				);
				MARKETING_VERSION = 1.0.0;
				PRODUCT_BUNDLE_IDENTIFIER = denmagg.AppleMusicTest;
				PRODUCT_NAME = "$(TARGET_NAME)";
				SWIFT_EMIT_LOC_STRINGS = YES;
				SWIFT_VERSION = 5.0;
				TARGETED_DEVICE_FAMILY = "1,2";
			};
			name = Debug;
		};
		591DAA8629717464000FF7D2 /* Release */ = {
			isa = XCBuildConfiguration;
			buildSettings = {
				ASSETCATALOG_COMPILER_APPICON_NAME = AppIcon;
				ASSETCATALOG_COMPILER_GLOBAL_ACCENT_COLOR_NAME = AccentColor;
				CODE_SIGN_STYLE = Automatic;
				CURRENT_PROJECT_VERSION = 1;
				DEVELOPMENT_TEAM = 7DF45VLQ6Z;
				GENERATE_INFOPLIST_FILE = YES;
				INFOPLIST_FILE = AppleMusicTest/Resources/Info.plist;
				INFOPLIST_KEY_UIApplicationSupportsIndirectInputEvents = YES;
				INFOPLIST_KEY_UILaunchStoryboardName = LaunchScreen;
				INFOPLIST_KEY_UIMainStoryboardFile = "";
				INFOPLIST_KEY_UISupportedInterfaceOrientations_iPad = "UIInterfaceOrientationPortrait UIInterfaceOrientationPortraitUpsideDown UIInterfaceOrientationLandscapeLeft UIInterfaceOrientationLandscapeRight";
				INFOPLIST_KEY_UISupportedInterfaceOrientations_iPhone = "UIInterfaceOrientationPortrait UIInterfaceOrientationLandscapeLeft UIInterfaceOrientationLandscapeRight";
				IPHONEOS_DEPLOYMENT_TARGET = 15.0;
				LD_RUNPATH_SEARCH_PATHS = (
					"$(inherited)",
					"@executable_path/Frameworks",
				);
				MARKETING_VERSION = 1.0.0;
				PRODUCT_BUNDLE_IDENTIFIER = denmagg.AppleMusicTest;
				PRODUCT_NAME = "$(TARGET_NAME)";
				SWIFT_EMIT_LOC_STRINGS = YES;
				SWIFT_VERSION = 5.0;
				TARGETED_DEVICE_FAMILY = "1,2";
			};
			name = Release;
		};
/* End XCBuildConfiguration section */

/* Begin XCConfigurationList section */
		591DAA6B29717462000FF7D2 /* Build configuration list for PBXProject "AppleMusicTest" */ = {
			isa = XCConfigurationList;
			buildConfigurations = (
				591DAA8229717464000FF7D2 /* Debug */,
				591DAA8329717464000FF7D2 /* Release */,
			);
			defaultConfigurationIsVisible = 0;
			defaultConfigurationName = Release;
		};
		591DAA8429717464000FF7D2 /* Build configuration list for PBXNativeTarget "AppleMusicTest" */ = {
			isa = XCConfigurationList;
			buildConfigurations = (
				591DAA8529717464000FF7D2 /* Debug */,
				591DAA8629717464000FF7D2 /* Release */,
			);
			defaultConfigurationIsVisible = 0;
			defaultConfigurationName = Release;
		};
/* End XCConfigurationList section */
	};
	rootObject = 591DAA6829717462000FF7D2 /* Project object */;
}
